
Microsoft Visual Studio Solution File, Format Version 12.00
# Visual Studio Version 16
VisualStudioVersion = 16.0.31321.278
MinimumVisualStudioVersion = 10.0.40219.1
Project("{2150E333-8FDC-42A3-9474-1A3956D46DE8}") = "src", "src", "{1C98F256-D7CC-45EB-A3E7-AC49349B2907}"
EndProject
Project("{2150E333-8FDC-42A3-9474-1A3956D46DE8}") = "Core", "Core", "{AC56CE7B-704A-4F56-9472-5741E30BFFDE}"
EndProject
Project("{9A19103F-16F7-4668-BE54-9A1E7A4F7556}") = "ECommercePlatform.Application", "src\Core\ECommercePlatform.Application\ECommercePlatform.Application.csproj", "{CAD1B590-E874-4A0E-84AA-1409D5955DE8}"
EndProject
Project("{9A19103F-16F7-4668-BE54-9A1E7A4F7556}") = "ECommercePlatform.Domain", "src\Core\ECommercePlatform.Domain\ECommercePlatform.Domain.csproj", "{66E35D2E-BC80-474F-A85E-318EF5C6DF1F}"
EndProject
Project("{2150E333-8FDC-42A3-9474-1A3956D46DE8}") = "Infrastructre", "Infrastructre", "{953D06EC-2269-4374-9D8A-1E4922DEF0B5}"
EndProject
Project("{9A19103F-16F7-4668-BE54-9A1E7A4F7556}") = "ECommercePlatform.Persistence", "src\Infrastructure\ECommercePlatform.Persistence\ECommercePlatform.Persistence.csproj", "{5818F852-C1B2-4838-9E76-C45AB8E49104}"
EndProject
Project("{2150E333-8FDC-42A3-9474-1A3956D46DE8}") = "Presentation", "Presentation", "{A1904A44-B389-40BC-9E30-FC8055CE2FB7}"
EndProject
Project("{9A19103F-16F7-4668-BE54-9A1E7A4F7556}") = "ECommercePlatform.Console", "src\Presentation\ECommercePlatform.Console\ECommercePlatform.Console.csproj", "{93DA8B25-2207-4448-BE6B-23EEF473C7EE}"
EndProject
Project("{2150E333-8FDC-42A3-9474-1A3956D46DE8}") = "test", "test", "{58087A87-BA3B-40F3-891A-7421FC710C22}"
EndProject
Project("{9A19103F-16F7-4668-BE54-9A1E7A4F7556}") = "ECommercePlatform.UnitTests", "test\ECommercePlatform.UnitTests\ECommercePlatform.UnitTests.csproj", "{A717837E-C9B0-44B2-97FC-FD78F4F99E34}"
EndProject
Project("{9A19103F-16F7-4668-BE54-9A1E7A4F7556}") = "ECommercePlatform.IntegrationTests", "test\ECommercePlatform.IntegrationTests\ECommercePlatform.IntegrationTests.csproj", "{171BD54B-AEBC-4734-89B7-20F8D1A7F6F3}"
EndProject
Project("{FAE04EC0-301F-11D3-BF4B-00C04F79EFBC}") = "ECommercePlatform.Infrastructure", "src\Infrastructure\ECommercePlatform.Infrastructure\ECommercePlatform.Infrastructure.csproj", "{6666AD6F-3670-451D-B27B-5A7ADF500B5A}"
EndProject
Global
	GlobalSection(SolutionConfigurationPlatforms) = preSolution
		Debug|Any CPU = Debug|Any CPU
		Release|Any CPU = Release|Any CPU
	EndGlobalSection
	GlobalSection(ProjectConfigurationPlatforms) = postSolution
		{CAD1B590-E874-4A0E-84AA-1409D5955DE8}.Debug|Any CPU.ActiveCfg = Debug|Any CPU
		{CAD1B590-E874-4A0E-84AA-1409D5955DE8}.Debug|Any CPU.Build.0 = Debug|Any CPU
		{CAD1B590-E874-4A0E-84AA-1409D5955DE8}.Release|Any CPU.ActiveCfg = Release|Any CPU
		{CAD1B590-E874-4A0E-84AA-1409D5955DE8}.Release|Any CPU.Build.0 = Release|Any CPU
		{66E35D2E-BC80-474F-A85E-318EF5C6DF1F}.Debug|Any CPU.ActiveCfg = Debug|Any CPU
		{66E35D2E-BC80-474F-A85E-318EF5C6DF1F}.Debug|Any CPU.Build.0 = Debug|Any CPU
		{66E35D2E-BC80-474F-A85E-318EF5C6DF1F}.Release|Any CPU.ActiveCfg = Release|Any CPU
		{66E35D2E-BC80-474F-A85E-318EF5C6DF1F}.Release|Any CPU.Build.0 = Release|Any CPU
		{5818F852-C1B2-4838-9E76-C45AB8E49104}.Debug|Any CPU.ActiveCfg = Debug|Any CPU
		{5818F852-C1B2-4838-9E76-C45AB8E49104}.Debug|Any CPU.Build.0 = Debug|Any CPU
		{5818F852-C1B2-4838-9E76-C45AB8E49104}.Release|Any CPU.ActiveCfg = Release|Any CPU
		{5818F852-C1B2-4838-9E76-C45AB8E49104}.Release|Any CPU.Build.0 = Release|Any CPU
		{93DA8B25-2207-4448-BE6B-23EEF473C7EE}.Debug|Any CPU.ActiveCfg = Debug|Any CPU
		{93DA8B25-2207-4448-BE6B-23EEF473C7EE}.Debug|Any CPU.Build.0 = Debug|Any CPU
		{93DA8B25-2207-4448-BE6B-23EEF473C7EE}.Release|Any CPU.ActiveCfg = Release|Any CPU
		{93DA8B25-2207-4448-BE6B-23EEF473C7EE}.Release|Any CPU.Build.0 = Release|Any CPU
		{A717837E-C9B0-44B2-97FC-FD78F4F99E34}.Debug|Any CPU.ActiveCfg = Debug|Any CPU
		{A717837E-C9B0-44B2-97FC-FD78F4F99E34}.Debug|Any CPU.Build.0 = Debug|Any CPU
		{A717837E-C9B0-44B2-97FC-FD78F4F99E34}.Release|Any CPU.ActiveCfg = Release|Any CPU
		{A717837E-C9B0-44B2-97FC-FD78F4F99E34}.Release|Any CPU.Build.0 = Release|Any CPU
		{171BD54B-AEBC-4734-89B7-20F8D1A7F6F3}.Debug|Any CPU.ActiveCfg = Debug|Any CPU
		{171BD54B-AEBC-4734-89B7-20F8D1A7F6F3}.Debug|Any CPU.Build.0 = Debug|Any CPU
		{171BD54B-AEBC-4734-89B7-20F8D1A7F6F3}.Release|Any CPU.ActiveCfg = Release|Any CPU
		{171BD54B-AEBC-4734-89B7-20F8D1A7F6F3}.Release|Any CPU.Build.0 = Release|Any CPU
		{6666AD6F-3670-451D-B27B-5A7ADF500B5A}.Debug|Any CPU.ActiveCfg = Debug|Any CPU
		{6666AD6F-3670-451D-B27B-5A7ADF500B5A}.Debug|Any CPU.Build.0 = Debug|Any CPU
		{6666AD6F-3670-451D-B27B-5A7ADF500B5A}.Release|Any CPU.ActiveCfg = Release|Any CPU
		{6666AD6F-3670-451D-B27B-5A7ADF500B5A}.Release|Any CPU.Build.0 = Release|Any CPU
	EndGlobalSection
	GlobalSection(SolutionProperties) = preSolution
		HideSolutionNode = FALSE
	EndGlobalSection
	GlobalSection(NestedProjects) = preSolution
		{AC56CE7B-704A-4F56-9472-5741E30BFFDE} = {1C98F256-D7CC-45EB-A3E7-AC49349B2907}
		{CAD1B590-E874-4A0E-84AA-1409D5955DE8} = {AC56CE7B-704A-4F56-9472-5741E30BFFDE}
		{66E35D2E-BC80-474F-A85E-318EF5C6DF1F} = {AC56CE7B-704A-4F56-9472-5741E30BFFDE}
		{953D06EC-2269-4374-9D8A-1E4922DEF0B5} = {1C98F256-D7CC-45EB-A3E7-AC49349B2907}
		{5818F852-C1B2-4838-9E76-C45AB8E49104} = {953D06EC-2269-4374-9D8A-1E4922DEF0B5}
		{A1904A44-B389-40BC-9E30-FC8055CE2FB7} = {1C98F256-D7CC-45EB-A3E7-AC49349B2907}
		{93DA8B25-2207-4448-BE6B-23EEF473C7EE} = {A1904A44-B389-40BC-9E30-FC8055CE2FB7}
		{A717837E-C9B0-44B2-97FC-FD78F4F99E34} = {58087A87-BA3B-40F3-891A-7421FC710C22}
		{171BD54B-AEBC-4734-89B7-20F8D1A7F6F3} = {58087A87-BA3B-40F3-891A-7421FC710C22}
		{6666AD6F-3670-451D-B27B-5A7ADF500B5A} = {953D06EC-2269-4374-9D8A-1E4922DEF0B5}
	EndGlobalSection
	GlobalSection(ExtensibilityGlobals) = postSolution
		SolutionGuid = {34D27B77-1ECD-4353-9E4D-E3EF0162D2BF}
	EndGlobalSection
EndGlobal
